{
  "name": "clearinghouse",
  "version": "1.0.0",
  "lockfileVersion": 3,
  "requires": true,
  "packages": {
    "": {
      "name": "clearinghouse",
      "version": "1.0.0",
      "dependencies": {
        "sudokuru": "^2.1.0"
      }
    },
    "node_modules/sudokuru": {
      "version": "2.2.0",
      "resolved": "https://registry.npmjs.org/sudokuru/-/sudokuru-2.2.0.tgz",
      "integrity": "sha512-bw4q2UqKZ8dsxKgUvbK0uDWW9No58lCh/lCEeLlAkzqGIWkuTRvCFtZNc2Vi9BnW8TlmXuez3hioVaeP79N0jQ=="
    }
  }
}
